
Microsoft Visual Studio Solution File, Format Version 12.00
# Visual Studio 14
VisualStudioVersion = 14.0.24720.0
MinimumVisualStudioVersion = 10.0.40219.1
Project("{FAE04EC0-301F-11D3-BF4B-00C04F79EFBC}") = "WebApplication3", "WebApplication3\WebApplication3.csproj", "{27D43BBD-D53B-4535-B613-FF66C40E70E3}"
EndProject
Project("{FAE04EC0-301F-11D3-BF4B-00C04F79EFBC}") = "TestMVC", "TestMVC\TestMVC.csproj", "{93AE846C-9769-4531-8F27-77C75908BC74}"
EndProject
Project("{F184B08F-C81C-45F6-A57F-5ABD9991F28F}") = "VBDemo", "VBDemo\VBDemo.vbproj", "{CD8E53D2-B177-494B-AE08-1CEEF98E43D7}"
EndProject
Project("{FAE04EC0-301F-11D3-BF4B-00C04F79EFBC}") = "consoleTest", "consoleTest\consoleTest.csproj", "{09787A5F-E053-40A0-9E4E-CB70F37F429A}"
EndProject
Global
	GlobalSection(SolutionConfigurationPlatforms) = preSolution
		Debug|Any CPU = Debug|Any CPU
		Release|Any CPU = Release|Any CPU
	EndGlobalSection
	GlobalSection(ProjectConfigurationPlatforms) = postSolution
		{27D43BBD-D53B-4535-B613-FF66C40E70E3}.Debug|Any CPU.ActiveCfg = Debug|Any CPU
		{27D43BBD-D53B-4535-B613-FF66C40E70E3}.Debug|Any CPU.Build.0 = Debug|Any CPU
		{27D43BBD-D53B-4535-B613-FF66C40E70E3}.Release|Any CPU.ActiveCfg = Release|Any CPU
		{27D43BBD-D53B-4535-B613-FF66C40E70E3}.Release|Any CPU.Build.0 = Release|Any CPU
		{93AE846C-9769-4531-8F27-77C75908BC74}.Debug|Any CPU.ActiveCfg = Debug|Any CPU
		{93AE846C-9769-4531-8F27-77C75908BC74}.Debug|Any CPU.Build.0 = Debug|Any CPU
		{93AE846C-9769-4531-8F27-77C75908BC74}.Release|Any CPU.ActiveCfg = Release|Any CPU
		{93AE846C-9769-4531-8F27-77C75908BC74}.Release|Any CPU.Build.0 = Release|Any CPU
		{CD8E53D2-B177-494B-AE08-1CEEF98E43D7}.Debug|Any CPU.ActiveCfg = Debug|Any CPU
		{CD8E53D2-B177-494B-AE08-1CEEF98E43D7}.Debug|Any CPU.Build.0 = Debug|Any CPU
		{CD8E53D2-B177-494B-AE08-1CEEF98E43D7}.Release|Any CPU.ActiveCfg = Release|Any CPU
		{CD8E53D2-B177-494B-AE08-1CEEF98E43D7}.Release|Any CPU.Build.0 = Release|Any CPU
		{09787A5F-E053-40A0-9E4E-CB70F37F429A}.Debug|Any CPU.ActiveCfg = Debug|Any CPU
		{09787A5F-E053-40A0-9E4E-CB70F37F429A}.Debug|Any CPU.Build.0 = Debug|Any CPU
		{09787A5F-E053-40A0-9E4E-CB70F37F429A}.Release|Any CPU.ActiveCfg = Release|Any CPU
		{09787A5F-E053-40A0-9E4E-CB70F37F429A}.Release|Any CPU.Build.0 = Release|Any CPU
	EndGlobalSection
	GlobalSection(SolutionProperties) = preSolution
		HideSolutionNode = FALSE
	EndGlobalSection
EndGlobal
